
Microsoft Visual Studio Solution File, Format Version 12.00
Project("{FAE04EC0-301F-11D3-BF4B-00C04F79EFBC}") = "Leetcode", "Leetcode\Leetcode.csproj", "{5076BA04-38C0-4E00-BAD7-B97F31D8E8C3}"
EndProject
Global
	GlobalSection(SolutionConfigurationPlatforms) = preSolution
		Debug|Any CPU = Debug|Any CPU
		Release|Any CPU = Release|Any CPU
	EndGlobalSection
	GlobalSection(ProjectConfigurationPlatforms) = postSolution
		{5076BA04-38C0-4E00-BAD7-B97F31D8E8C3}.Debug|Any CPU.ActiveCfg = Debug|Any CPU
		{5076BA04-38C0-4E00-BAD7-B97F31D8E8C3}.Debug|Any CPU.Build.0 = Debug|Any CPU
		{5076BA04-38C0-4E00-BAD7-B97F31D8E8C3}.Release|Any CPU.ActiveCfg = Release|Any CPU
		{5076BA04-38C0-4E00-BAD7-B97F31D8E8C3}.Release|Any CPU.Build.0 = Release|Any CPU
	EndGlobalSection
EndGlobal
